// !$*UTF8*$!
{
	archiveVersion = 1;
	classes = {
	};
	objectVersion = 46;
	objects = {

/* Begin PBXBuildFile section */
		221662BA14FB8F7B009B975D /* InfoPlist.strings in Resources */ = {isa = PBXBuildFile; fileRef = 221662B814FB8F7B009B975D /* InfoPlist.strings */; };
		22326A0B14FA98BB003055A2 /* SenTestingKit.framework in Frameworks */ = {isa = PBXBuildFile; fileRef = 22326A0A14FA98BB003055A2 /* SenTestingKit.framework */; };
		22326A0C14FA98BB003055A2 /* Cocoa.framework in Frameworks */ = {isa = PBXBuildFile; fileRef = 223269F814FA98BB003055A2 /* Cocoa.framework */; };
		22326A5914FAA377003055A2 /* InfoPlist.strings in Resources */ = {isa = PBXBuildFile; fileRef = 22326A5714FAA377003055A2 /* InfoPlist.strings */; };
		225E906514FCFFF000FA3847 /* HierarchicalExample.testsuite in Resources */ = {isa = PBXBuildFile; fileRef = 225E906314FCFFF000FA3847 /* HierarchicalExample.testsuite */; };
		2261539E15DAD169006783C3 /* UIKit.framework in Frameworks */ = {isa = PBXBuildFile; fileRef = 2261539D15DAD169006783C3 /* UIKit.framework */; };
		226153A015DAD172006783C3 /* CoreGraphics.framework in Frameworks */ = {isa = PBXBuildFile; fileRef = 2261539F15DAD172006783C3 /* CoreGraphics.framework */; };
		226153AC15DAD7D6006783C3 /* SenTestingKit.framework in Frameworks */ = {isa = PBXBuildFile; fileRef = 226153AB15DAD7D6006783C3 /* SenTestingKit.framework */; };
		227249ED15E2FC8600CE6E79 /* DetailViewController_iPad.xib in Resources */ = {isa = PBXBuildFile; fileRef = 227249E515E2FC8600CE6E79 /* DetailViewController_iPad.xib */; };
		227249EE15E2FC8600CE6E79 /* DetailViewController_iPhone.xib in Resources */ = {isa = PBXBuildFile; fileRef = 227249E715E2FC8600CE6E79 /* DetailViewController_iPhone.xib */; };
		227249EF15E2FC8600CE6E79 /* MasterViewController_iPad.xib in Resources */ = {isa = PBXBuildFile; fileRef = 227249E915E2FC8600CE6E79 /* MasterViewController_iPad.xib */; };
		227249F015E2FC8600CE6E79 /* MasterViewController_iPhone.xib in Resources */ = {isa = PBXBuildFile; fileRef = 227249EB15E2FC8600CE6E79 /* MasterViewController_iPhone.xib */; };
		227A47AB15DA5BF900281601 /* HierarchicalExample.m in Sources */ = {isa = PBXBuildFile; fileRef = 227A47A815DA5BF900281601 /* HierarchicalExample.m */; };
		227A47AC15DA5BF900281601 /* HierarchicalExample.m in Sources */ = {isa = PBXBuildFile; fileRef = 227A47A815DA5BF900281601 /* HierarchicalExample.m */; };
		227A47AD15DA5BF900281601 /* ParameterisedTestsExample.m in Sources */ = {isa = PBXBuildFile; fileRef = 227A47A915DA5BF900281601 /* ParameterisedTestsExample.m */; };
		227A47AE15DA5BF900281601 /* ParameterisedTestsExample.m in Sources */ = {isa = PBXBuildFile; fileRef = 227A47A915DA5BF900281601 /* ParameterisedTestsExample.m */; };
		227A47AF15DA5BF900281601 /* RunLoopExample.m in Sources */ = {isa = PBXBuildFile; fileRef = 227A47AA15DA5BF900281601 /* RunLoopExample.m */; };
		227A47B015DA5BF900281601 /* RunLoopExample.m in Sources */ = {isa = PBXBuildFile; fileRef = 227A47AA15DA5BF900281601 /* RunLoopExample.m */; };
		2286A20D15DA63AF001CD55C /* ECUnitTests.framework in Frameworks */ = {isa = PBXBuildFile; fileRef = 2286A20C15DA63AF001CD55C /* ECUnitTests.framework */; };
		22AB8C3A14FD31AB00D95D79 /* Included.testsuite in Resources */ = {isa = PBXBuildFile; fileRef = 22AB8C3914FD31AB00D95D79 /* Included.testsuite */; };
		22BEA17C15DA52200036A04F /* Foundation.framework in Frameworks */ = {isa = PBXBuildFile; fileRef = 221662C014FB900C009B975D /* Foundation.framework */; };
		22BEA18415DA52200036A04F /* InfoPlist.strings in Resources */ = {isa = PBXBuildFile; fileRef = 22BEA18215DA52200036A04F /* InfoPlist.strings */; };
		22BEA18615DA52200036A04F /* main.m in Sources */ = {isa = PBXBuildFile; fileRef = 22BEA18515DA52200036A04F /* main.m */; };
		22BEA18A15DA52200036A04F /* AppDelegate.m in Sources */ = {isa = PBXBuildFile; fileRef = 22BEA18915DA52200036A04F /* AppDelegate.m */; };
		22BEA19315DA52200036A04F /* MasterViewController.m in Sources */ = {isa = PBXBuildFile; fileRef = 22BEA19215DA52200036A04F /* MasterViewController.m */; };
		22BEA19615DA52200036A04F /* DetailViewController.m in Sources */ = {isa = PBXBuildFile; fileRef = 22BEA19515DA52200036A04F /* DetailViewController.m */; };
		22BEA19E15DA52200036A04F /* UIKit.framework in Frameworks */ = {isa = PBXBuildFile; fileRef = 22BEA17A15DA52200036A04F /* UIKit.framework */; };
		22BEA19F15DA52200036A04F /* Foundation.framework in Frameworks */ = {isa = PBXBuildFile; fileRef = 221662C014FB900C009B975D /* Foundation.framework */; };
		22BEA1B515DA52600036A04F /* HierarchicalExample.testsuite in Resources */ = {isa = PBXBuildFile; fileRef = 225E906314FCFFF000FA3847 /* HierarchicalExample.testsuite */; };
		22BEA1B615DA52650036A04F /* Included.testsuite in Resources */ = {isa = PBXBuildFile; fileRef = 22AB8C3914FD31AB00D95D79 /* Included.testsuite */; };
		22BEA1DA15DA56820036A04F /* Cocoa.framework in Frameworks */ = {isa = PBXBuildFile; fileRef = 223269F814FA98BB003055A2 /* Cocoa.framework */; };
		22BEA1E015DA56820036A04F /* InfoPlist.strings in Resources */ = {isa = PBXBuildFile; fileRef = 22BEA1DE15DA56820036A04F /* InfoPlist.strings */; };
		22BEA1E215DA56820036A04F /* main.m in Sources */ = {isa = PBXBuildFile; fileRef = 22BEA1E115DA56820036A04F /* main.m */; };
		22BEA1E615DA56820036A04F /* Credits.rtf in Resources */ = {isa = PBXBuildFile; fileRef = 22BEA1E415DA56820036A04F /* Credits.rtf */; };
		22BEA1E915DA56820036A04F /* AppDelegate.m in Sources */ = {isa = PBXBuildFile; fileRef = 22BEA1E815DA56820036A04F /* AppDelegate.m */; };
		22BEA1EC15DA56820036A04F /* MainMenu.xib in Resources */ = {isa = PBXBuildFile; fileRef = 22BEA1EA15DA56820036A04F /* MainMenu.xib */; };
		22BEA1FA15DA58E70036A04F /* ECUnitTests.framework in Frameworks */ = {isa = PBXBuildFile; fileRef = 22BEA1F915DA58E70036A04F /* ECUnitTests.framework */; };
/* End PBXBuildFile section */

/* Begin PBXFileReference section */
		221662B914FB8F7B009B975D /* en */ = {isa = PBXFileReference; lastKnownFileType = text.plist.strings; name = en; path = en.lproj/InfoPlist.strings; sourceTree = "<group>"; };
		221662C014FB900C009B975D /* Foundation.framework */ = {isa = PBXFileReference; lastKnownFileType = wrapper.framework; name = Foundation.framework; path = System/Library/Frameworks/Foundation.framework; sourceTree = SDKROOT; };
		221CB50A15DA825B004C6398 /* Scripts */ = {isa = PBXFileReference; lastKnownFileType = folder; path = Scripts; sourceTree = "<group>"; };
		221CB52015DA8BF6004C6398 /* README.md */ = {isa = PBXFileReference; lastKnownFileType = text; path = README.md; sourceTree = "<group>"; };
		223269F814FA98BB003055A2 /* Cocoa.framework */ = {isa = PBXFileReference; lastKnownFileType = wrapper.framework; name = Cocoa.framework; path = System/Library/Frameworks/Cocoa.framework; sourceTree = SDKROOT; };
		223269FB14FA98BB003055A2 /* AppKit.framework */ = {isa = PBXFileReference; lastKnownFileType = wrapper.framework; name = AppKit.framework; path = System/Library/Frameworks/AppKit.framework; sourceTree = SDKROOT; };
		223269FC14FA98BB003055A2 /* CoreData.framework */ = {isa = PBXFileReference; lastKnownFileType = wrapper.framework; name = CoreData.framework; path = System/Library/Frameworks/CoreData.framework; sourceTree = SDKROOT; };
		223269FD14FA98BB003055A2 /* Foundation.framework */ = {isa = PBXFileReference; lastKnownFileType = wrapper.framework; name = Foundation.framework; path = System/Library/Frameworks/Foundation.framework; sourceTree = SDKROOT; };
		22326A0914FA98BB003055A2 /* Mac Tests.octest */ = {isa = PBXFileReference; explicitFileType = wrapper.cfbundle; includeInIndex = 0; path = "Mac Tests.octest"; sourceTree = BUILT_PRODUCTS_DIR; };
		22326A0A14FA98BB003055A2 /* SenTestingKit.framework */ = {isa = PBXFileReference; lastKnownFileType = wrapper.framework; name = SenTestingKit.framework; path = Library/Frameworks/SenTestingKit.framework; sourceTree = DEVELOPER_DIR; };
		225E906314FCFFF000FA3847 /* HierarchicalExample.testsuite */ = {isa = PBXFileReference; lastKnownFileType = folder; path = HierarchicalExample.testsuite; sourceTree = "<group>"; };
		2261539915DACFCC006783C3 /* ECUnitTestsExampleDebug.pch */ = {isa = PBXFileReference; lastKnownFileType = sourcecode.c.h; path = ECUnitTestsExampleDebug.pch; sourceTree = "<group>"; };
		2261539A15DACFCC006783C3 /* ECUnitTestsExampleRelease.pch */ = {isa = PBXFileReference; lastKnownFileType = sourcecode.c.h; path = ECUnitTestsExampleRelease.pch; sourceTree = "<group>"; };
		2261539B15DACFCC006783C3 /* ECUnitTestsExampleShared.pch */ = {isa = PBXFileReference; lastKnownFileType = sourcecode.c.h; path = ECUnitTestsExampleShared.pch; sourceTree = "<group>"; };
		2261539D15DAD169006783C3 /* UIKit.framework */ = {isa = PBXFileReference; lastKnownFileType = wrapper.framework; name = UIKit.framework; path = Platforms/iPhoneOS.platform/Developer/SDKs/iPhoneOS5.1.sdk/System/Library/Frameworks/UIKit.framework; sourceTree = DEVELOPER_DIR; };
		2261539F15DAD172006783C3 /* CoreGraphics.framework */ = {isa = PBXFileReference; lastKnownFileType = wrapper.framework; name = CoreGraphics.framework; path = Platforms/iPhoneOS.platform/Developer/SDKs/iPhoneOS5.1.sdk/System/Library/Frameworks/CoreGraphics.framework; sourceTree = DEVELOPER_DIR; };
		226153A415DAD4FF006783C3 /* IOSUnitTestDebug.xcconfig */ = {isa = PBXFileReference; lastKnownFileType = text.xcconfig; path = IOSUnitTestDebug.xcconfig; sourceTree = "<group>"; };
		226153A515DAD4FF006783C3 /* IOSUnitTestRelease.xcconfig */ = {isa = PBXFileReference; lastKnownFileType = text.xcconfig; path = IOSUnitTestRelease.xcconfig; sourceTree = "<group>"; };
		226153A615DAD4FF006783C3 /* MacUnitTestDebug.xcconfig */ = {isa = PBXFileReference; lastKnownFileType = text.xcconfig; path = MacUnitTestDebug.xcconfig; sourceTree = "<group>"; };
		226153A715DAD4FF006783C3 /* MacUnitTestRelease.xcconfig */ = {isa = PBXFileReference; lastKnownFileType = text.xcconfig; path = MacUnitTestRelease.xcconfig; sourceTree = "<group>"; };
		226153AB15DAD7D6006783C3 /* SenTestingKit.framework */ = {isa = PBXFileReference; lastKnownFileType = wrapper.framework; name = SenTestingKit.framework; path = Platforms/iPhoneOS.platform/Developer/SDKs/iPhoneOS5.1.sdk/Developer/Library/Frameworks/SenTestingKit.framework; sourceTree = DEVELOPER_DIR; };
		227249E615E2FC8600CE6E79 /* en */ = {isa = PBXFileReference; lastKnownFileType = file.xib; name = en; path = en.lproj/DetailViewController_iPad.xib; sourceTree = "<group>"; };
		227249E815E2FC8600CE6E79 /* en */ = {isa = PBXFileReference; lastKnownFileType = file.xib; name = en; path = en.lproj/DetailViewController_iPhone.xib; sourceTree = "<group>"; };
		227249EA15E2FC8600CE6E79 /* en */ = {isa = PBXFileReference; lastKnownFileType = file.xib; name = en; path = en.lproj/MasterViewController_iPad.xib; sourceTree = "<group>"; };
		227249EC15E2FC8600CE6E79 /* en */ = {isa = PBXFileReference; lastKnownFileType = file.xib; name = en; path = en.lproj/MasterViewController_iPhone.xib; sourceTree = "<group>"; };
		227A47A815DA5BF900281601 /* HierarchicalExample.m */ = {isa = PBXFileReference; fileEncoding = 4; lastKnownFileType = sourcecode.c.objc; path = HierarchicalExample.m; sourceTree = "<group>"; };
		227A47A915DA5BF900281601 /* ParameterisedTestsExample.m */ = {isa = PBXFileReference; fileEncoding = 4; lastKnownFileType = sourcecode.c.objc; path = ParameterisedTestsExample.m; sourceTree = "<group>"; };
		227A47AA15DA5BF900281601 /* RunLoopExample.m */ = {isa = PBXFileReference; fileEncoding = 4; lastKnownFileType = sourcecode.c.objc; path = RunLoopExample.m; sourceTree = "<group>"; };
		227A47B115DA5C0900281601 /* Info.plist */ = {isa = PBXFileReference; lastKnownFileType = text.plist.xml; path = Info.plist; sourceTree = "<group>"; };
		2286A20C15DA63AF001CD55C /* ECUnitTests.framework */ = {isa = PBXFileReference; lastKnownFileType = wrapper.framework; name = ECUnitTests.framework; path = "../ECUnitTests/build/Release-iphoneos/ECUnitTests.framework"; sourceTree = "<group>"; };
		22AB8C3914FD31AB00D95D79 /* Included.testsuite */ = {isa = PBXFileReference; lastKnownFileType = folder; path = Included.testsuite; sourceTree = "<group>"; };
		22BC8E4D15DAC75700132883 /* IOSDebug.xcconfig */ = {isa = PBXFileReference; lastKnownFileType = text.xcconfig; path = IOSDebug.xcconfig; sourceTree = "<group>"; };
		22BC8E4E15DAC75700132883 /* IOSRelease.xcconfig */ = {isa = PBXFileReference; lastKnownFileType = text.xcconfig; path = IOSRelease.xcconfig; sourceTree = "<group>"; };
		22BC8E4F15DAC75700132883 /* MacDebug.xcconfig */ = {isa = PBXFileReference; lastKnownFileType = text.xcconfig; path = MacDebug.xcconfig; sourceTree = "<group>"; };
		22BC8E5015DAC75700132883 /* MacRelease.xcconfig */ = {isa = PBXFileReference; lastKnownFileType = text.xcconfig; path = MacRelease.xcconfig; sourceTree = "<group>"; };
		22BEA17815DA521F0036A04F /* iOS Example.app */ = {isa = PBXFileReference; explicitFileType = wrapper.application; includeInIndex = 0; path = "iOS Example.app"; sourceTree = BUILT_PRODUCTS_DIR; };
		22BEA17A15DA52200036A04F /* UIKit.framework */ = {isa = PBXFileReference; lastKnownFileType = wrapper.framework; name = UIKit.framework; path = Library/Frameworks/UIKit.framework; sourceTree = DEVELOPER_DIR; };
		22BEA17D15DA52200036A04F /* CoreGraphics.framework */ = {isa = PBXFileReference; lastKnownFileType = wrapper.framework; name = CoreGraphics.framework; path = Library/Frameworks/CoreGraphics.framework; sourceTree = DEVELOPER_DIR; };
		22BEA18115DA52200036A04F /* iOS Example-Info.plist */ = {isa = PBXFileReference; lastKnownFileType = text.plist.xml; path = "iOS Example-Info.plist"; sourceTree = "<group>"; };
		22BEA18315DA52200036A04F /* en */ = {isa = PBXFileReference; lastKnownFileType = text.plist.strings; name = en; path = en.lproj/InfoPlist.strings; sourceTree = "<group>"; };
		22BEA18515DA52200036A04F /* main.m */ = {isa = PBXFileReference; lastKnownFileType = sourcecode.c.objc; path = main.m; sourceTree = "<group>"; };
		22BEA18715DA52200036A04F /* iOS Example-Prefix.pch */ = {isa = PBXFileReference; lastKnownFileType = sourcecode.c.h; path = "iOS Example-Prefix.pch"; sourceTree = "<group>"; };
		22BEA18815DA52200036A04F /* AppDelegate.h */ = {isa = PBXFileReference; lastKnownFileType = sourcecode.c.h; path = AppDelegate.h; sourceTree = "<group>"; };
		22BEA18915DA52200036A04F /* AppDelegate.m */ = {isa = PBXFileReference; lastKnownFileType = sourcecode.c.objc; path = AppDelegate.m; sourceTree = "<group>"; };
		22BEA19115DA52200036A04F /* MasterViewController.h */ = {isa = PBXFileReference; lastKnownFileType = sourcecode.c.h; path = MasterViewController.h; sourceTree = "<group>"; };
		22BEA19215DA52200036A04F /* MasterViewController.m */ = {isa = PBXFileReference; lastKnownFileType = sourcecode.c.objc; path = MasterViewController.m; sourceTree = "<group>"; };
		22BEA19415DA52200036A04F /* DetailViewController.h */ = {isa = PBXFileReference; lastKnownFileType = sourcecode.c.h; path = DetailViewController.h; sourceTree = "<group>"; };
		22BEA19515DA52200036A04F /* DetailViewController.m */ = {isa = PBXFileReference; lastKnownFileType = sourcecode.c.objc; path = DetailViewController.m; sourceTree = "<group>"; };
		22BEA19C15DA52200036A04F /* iOS Tests.octest */ = {isa = PBXFileReference; explicitFileType = wrapper.cfbundle; includeInIndex = 0; path = "iOS Tests.octest"; sourceTree = BUILT_PRODUCTS_DIR; };
		22BEA1D815DA56820036A04F /* Mac Example.app */ = {isa = PBXFileReference; explicitFileType = wrapper.application; includeInIndex = 0; path = "Mac Example.app"; sourceTree = BUILT_PRODUCTS_DIR; };
		22BEA1DD15DA56820036A04F /* Mac Example-Info.plist */ = {isa = PBXFileReference; lastKnownFileType = text.plist.xml; path = "Mac Example-Info.plist"; sourceTree = "<group>"; };
		22BEA1DF15DA56820036A04F /* en */ = {isa = PBXFileReference; lastKnownFileType = text.plist.strings; name = en; path = en.lproj/InfoPlist.strings; sourceTree = "<group>"; };
		22BEA1E115DA56820036A04F /* main.m */ = {isa = PBXFileReference; lastKnownFileType = sourcecode.c.objc; path = main.m; sourceTree = "<group>"; };
		22BEA1E515DA56820036A04F /* en */ = {isa = PBXFileReference; lastKnownFileType = text.rtf; name = en; path = en.lproj/Credits.rtf; sourceTree = "<group>"; };
		22BEA1E715DA56820036A04F /* AppDelegate.h */ = {isa = PBXFileReference; lastKnownFileType = sourcecode.c.h; path = AppDelegate.h; sourceTree = "<group>"; };
		22BEA1E815DA56820036A04F /* AppDelegate.m */ = {isa = PBXFileReference; lastKnownFileType = sourcecode.c.objc; path = AppDelegate.m; sourceTree = "<group>"; };
		22BEA1EB15DA56820036A04F /* en */ = {isa = PBXFileReference; lastKnownFileType = file.xib; name = en; path = en.lproj/MainMenu.xib; sourceTree = "<group>"; };
		22BEA1F915DA58E70036A04F /* ECUnitTests.framework */ = {isa = PBXFileReference; lastKnownFileType = wrapper.framework; name = ECUnitTests.framework; path = "../../../../../../../../../../../Caches/DerivedData/ECUnitTestsExample-abewyowfxocaocbksvbysbwavbcy/Build/Products/Debug/ECUnitTests.framework"; sourceTree = "<group>"; };
/* End PBXFileReference section */

/* Begin PBXFrameworksBuildPhase section */
		22326A0514FA98BB003055A2 /* Frameworks */ = {
			isa = PBXFrameworksBuildPhase;
			buildActionMask = 2147483647;
			files = (
				22BEA1FA15DA58E70036A04F /* ECUnitTests.framework in Frameworks */,
				22326A0B14FA98BB003055A2 /* SenTestingKit.framework in Frameworks */,
				22326A0C14FA98BB003055A2 /* Cocoa.framework in Frameworks */,
			);
			runOnlyForDeploymentPostprocessing = 0;
		};
		22BEA17515DA521F0036A04F /* Frameworks */ = {
			isa = PBXFrameworksBuildPhase;
			buildActionMask = 2147483647;
			files = (
				226153A015DAD172006783C3 /* CoreGraphics.framework in Frameworks */,
				2261539E15DAD169006783C3 /* UIKit.framework in Frameworks */,
				22BEA17C15DA52200036A04F /* Foundation.framework in Frameworks */,
			);
			runOnlyForDeploymentPostprocessing = 0;
		};
		22BEA19815DA52200036A04F /* Frameworks */ = {
			isa = PBXFrameworksBuildPhase;
			buildActionMask = 2147483647;
			files = (
				22BEA19E15DA52200036A04F /* UIKit.framework in Frameworks */,
				22BEA19F15DA52200036A04F /* Foundation.framework in Frameworks */,
				2286A20D15DA63AF001CD55C /* ECUnitTests.framework in Frameworks */,
				226153AC15DAD7D6006783C3 /* SenTestingKit.framework in Frameworks */,
			);
			runOnlyForDeploymentPostprocessing = 0;
		};
		22BEA1D515DA56820036A04F /* Frameworks */ = {
			isa = PBXFrameworksBuildPhase;
			buildActionMask = 2147483647;
			files = (
				22BEA1DA15DA56820036A04F /* Cocoa.framework in Frameworks */,
			);
			runOnlyForDeploymentPostprocessing = 0;
		};
/* End PBXFrameworksBuildPhase section */

/* Begin PBXGroup section */
		223269EA14FA98BB003055A2 = {
			isa = PBXGroup;
			children = (
				221CB52015DA8BF6004C6398 /* README.md */,
				221CB50A15DA825B004C6398 /* Scripts */,
				22BC8E4C15DAC75700132883 /* Configuration */,
				2261539815DACFCC006783C3 /* Prefix */,
				22BEA17F15DA52200036A04F /* iOS Example */,
				22BEA1DB15DA56820036A04F /* Mac Example */,
				22326A2F14FA994C003055A2 /* Tests */,
				223269F714FA98BB003055A2 /* Frameworks */,
				223269F614FA98BB003055A2 /* Products */,
			);
			sourceTree = "<group>";
		};
		223269F614FA98BB003055A2 /* Products */ = {
			isa = PBXGroup;
			children = (
				22326A0914FA98BB003055A2 /* Mac Tests.octest */,
				22BEA17815DA521F0036A04F /* iOS Example.app */,
				22BEA19C15DA52200036A04F /* iOS Tests.octest */,
				22BEA1D815DA56820036A04F /* Mac Example.app */,
			);
			name = Products;
			sourceTree = "<group>";
		};
		223269F714FA98BB003055A2 /* Frameworks */ = {
			isa = PBXGroup;
			children = (
				226153AB15DAD7D6006783C3 /* SenTestingKit.framework */,
				2261539F15DAD172006783C3 /* CoreGraphics.framework */,
				2261539D15DAD169006783C3 /* UIKit.framework */,
				2286A20C15DA63AF001CD55C /* ECUnitTests.framework */,
				22BEA1F915DA58E70036A04F /* ECUnitTests.framework */,
				223269F814FA98BB003055A2 /* Cocoa.framework */,
				22326A0A14FA98BB003055A2 /* SenTestingKit.framework */,
				221662C014FB900C009B975D /* Foundation.framework */,
				22BEA17A15DA52200036A04F /* UIKit.framework */,
				22BEA17D15DA52200036A04F /* CoreGraphics.framework */,
				223269FA14FA98BB003055A2 /* Other Frameworks */,
			);
			name = Frameworks;
			sourceTree = "<group>";
		};
		223269FA14FA98BB003055A2 /* Other Frameworks */ = {
			isa = PBXGroup;
			children = (
				223269FB14FA98BB003055A2 /* AppKit.framework */,
				223269FC14FA98BB003055A2 /* CoreData.framework */,
				223269FD14FA98BB003055A2 /* Foundation.framework */,
			);
			name = "Other Frameworks";
			sourceTree = "<group>";
		};
		22326A2F14FA994C003055A2 /* Tests */ = {
			isa = PBXGroup;
			children = (
				227A47A815DA5BF900281601 /* HierarchicalExample.m */,
				227A47A915DA5BF900281601 /* ParameterisedTestsExample.m */,
				227A47AA15DA5BF900281601 /* RunLoopExample.m */,
				225E906314FCFFF000FA3847 /* HierarchicalExample.testsuite */,
				22AB8C3914FD31AB00D95D79 /* Included.testsuite */,
				22326A5C14FAA537003055A2 /* Supporting Files */,
			);
			path = Tests;
			sourceTree = "<group>";
		};
		22326A5C14FAA537003055A2 /* Supporting Files */ = {
			isa = PBXGroup;
			children = (
				227A47B115DA5C0900281601 /* Info.plist */,
				221662B814FB8F7B009B975D /* InfoPlist.strings */,
			);
			name = "Supporting Files";
			sourceTree = "<group>";
		};
		2261539815DACFCC006783C3 /* Prefix */ = {
			isa = PBXGroup;
			children = (
				2261539915DACFCC006783C3 /* ECUnitTestsExampleDebug.pch */,
				2261539A15DACFCC006783C3 /* ECUnitTestsExampleRelease.pch */,
				2261539B15DACFCC006783C3 /* ECUnitTestsExampleShared.pch */,
			);
			name = Prefix;
			path = Source/Prefix;
			sourceTree = "<group>";
		};
		22BC8E4C15DAC75700132883 /* Configuration */ = {
			isa = PBXGroup;
			children = (
				22BC8E4D15DAC75700132883 /* IOSDebug.xcconfig */,
				22BC8E4E15DAC75700132883 /* IOSRelease.xcconfig */,
				22BC8E4F15DAC75700132883 /* MacDebug.xcconfig */,
				22BC8E5015DAC75700132883 /* MacRelease.xcconfig */,
				226153A415DAD4FF006783C3 /* IOSUnitTestDebug.xcconfig */,
				226153A515DAD4FF006783C3 /* IOSUnitTestRelease.xcconfig */,
				226153A615DAD4FF006783C3 /* MacUnitTestDebug.xcconfig */,
				226153A715DAD4FF006783C3 /* MacUnitTestRelease.xcconfig */,
			);
			name = Configuration;
			path = Source/Configuration;
			sourceTree = "<group>";
		};
		22BEA17F15DA52200036A04F /* iOS Example */ = {
			isa = PBXGroup;
			children = (
				22BEA18815DA52200036A04F /* AppDelegate.h */,
				22BEA18915DA52200036A04F /* AppDelegate.m */,
				22BEA19115DA52200036A04F /* MasterViewController.h */,
				22BEA19215DA52200036A04F /* MasterViewController.m */,
				22BEA19415DA52200036A04F /* DetailViewController.h */,
				22BEA19515DA52200036A04F /* DetailViewController.m */,
				22BEA18015DA52200036A04F /* Supporting Files */,
			);
			path = "iOS Example";
			sourceTree = "<group>";
		};
		22BEA18015DA52200036A04F /* Supporting Files */ = {
			isa = PBXGroup;
			children = (
				22BEA18115DA52200036A04F /* iOS Example-Info.plist */,
				227249E515E2FC8600CE6E79 /* DetailViewController_iPad.xib */,
				227249E715E2FC8600CE6E79 /* DetailViewController_iPhone.xib */,
				227249E915E2FC8600CE6E79 /* MasterViewController_iPad.xib */,
				227249EB15E2FC8600CE6E79 /* MasterViewController_iPhone.xib */,
				22BEA18215DA52200036A04F /* InfoPlist.strings */,
				22BEA18515DA52200036A04F /* main.m */,
				22BEA18715DA52200036A04F /* iOS Example-Prefix.pch */,
			);
			name = "Supporting Files";
			sourceTree = "<group>";
		};
		22BEA1DB15DA56820036A04F /* Mac Example */ = {
			isa = PBXGroup;
			children = (
				22BEA1E715DA56820036A04F /* AppDelegate.h */,
				22BEA1E815DA56820036A04F /* AppDelegate.m */,
				22BEA1EA15DA56820036A04F /* MainMenu.xib */,
				22BEA1DC15DA56820036A04F /* Supporting Files */,
			);
			path = "Mac Example";
			sourceTree = "<group>";
		};
		22BEA1DC15DA56820036A04F /* Supporting Files */ = {
			isa = PBXGroup;
			children = (
				22BEA1DD15DA56820036A04F /* Mac Example-Info.plist */,
				22BEA1DE15DA56820036A04F /* InfoPlist.strings */,
				22BEA1E115DA56820036A04F /* main.m */,
				22BEA1E415DA56820036A04F /* Credits.rtf */,
			);
			name = "Supporting Files";
			sourceTree = "<group>";
		};
/* End PBXGroup section */

/* Begin PBXNativeTarget section */
		22326A0814FA98BB003055A2 /* Mac Tests */ = {
			isa = PBXNativeTarget;
			buildConfigurationList = 22326A1E14FA98BC003055A2 /* Build configuration list for PBXNativeTarget "Mac Tests" */;
			buildPhases = (
				22326A0414FA98BB003055A2 /* Sources */,
				22326A0514FA98BB003055A2 /* Frameworks */,
				22326A0614FA98BB003055A2 /* Resources */,
				22326A0714FA98BB003055A2 /* ShellScript */,
			);
			buildRules = (
			);
			dependencies = (
			);
			name = "Mac Tests";
			productName = ECUnitTestsTests;
			productReference = 22326A0914FA98BB003055A2 /* Mac Tests.octest */;
			productType = "com.apple.product-type.bundle";
		};
		22BEA17715DA521F0036A04F /* iOS Example */ = {
			isa = PBXNativeTarget;
			buildConfigurationList = 22BEA1AF15DA52200036A04F /* Build configuration list for PBXNativeTarget "iOS Example" */;
			buildPhases = (
				22BEA17415DA521F0036A04F /* Sources */,
				22BEA17515DA521F0036A04F /* Frameworks */,
				22BEA17615DA521F0036A04F /* Resources */,
			);
			buildRules = (
			);
			dependencies = (
			);
			name = "iOS Example";
			productName = "iOS Example";
			productReference = 22BEA17815DA521F0036A04F /* iOS Example.app */;
			productType = "com.apple.product-type.application";
		};
		22BEA19B15DA52200036A04F /* iOS Tests */ = {
			isa = PBXNativeTarget;
			buildConfigurationList = 22BEA1B015DA52200036A04F /* Build configuration list for PBXNativeTarget "iOS Tests" */;
			buildPhases = (
				22BEA19715DA52200036A04F /* Sources */,
				22BEA19815DA52200036A04F /* Frameworks */,
				22BEA19915DA52200036A04F /* Resources */,
				22BEA19A15DA52200036A04F /* ShellScript */,
			);
			buildRules = (
			);
			dependencies = (
			);
			name = "iOS Tests";
			productName = "iOS ExampleTests";
			productReference = 22BEA19C15DA52200036A04F /* iOS Tests.octest */;
			productType = "com.apple.product-type.bundle";
		};
		22BEA1D715DA56820036A04F /* Mac Example */ = {
			isa = PBXNativeTarget;
			buildConfigurationList = 22BEA1ED15DA56820036A04F /* Build configuration list for PBXNativeTarget "Mac Example" */;
			buildPhases = (
				22BEA1D415DA56820036A04F /* Sources */,
				22BEA1D515DA56820036A04F /* Frameworks */,
				22BEA1D615DA56820036A04F /* Resources */,
			);
			buildRules = (
			);
			dependencies = (
			);
			name = "Mac Example";
			productName = "Mac Example";
			productReference = 22BEA1D815DA56820036A04F /* Mac Example.app */;
			productType = "com.apple.product-type.application";
		};
/* End PBXNativeTarget section */

/* Begin PBXProject section */
		223269EC14FA98BB003055A2 /* Project object */ = {
			isa = PBXProject;
			attributes = {
				LastUpgradeCheck = 0450;
			};
			buildConfigurationList = 223269EF14FA98BB003055A2 /* Build configuration list for PBXProject "ECUnitTestsExample" */;
			compatibilityVersion = "Xcode 3.2";
			developmentRegion = English;
			hasScannedForEncodings = 0;
			knownRegions = (
				en,
			);
			mainGroup = 223269EA14FA98BB003055A2;
			productRefGroup = 223269F614FA98BB003055A2 /* Products */;
			projectDirPath = "";
			projectRoot = "";
			targets = (
				22BEA1D715DA56820036A04F /* Mac Example */,
				22326A0814FA98BB003055A2 /* Mac Tests */,
				22BEA17715DA521F0036A04F /* iOS Example */,
				22BEA19B15DA52200036A04F /* iOS Tests */,
			);
		};
/* End PBXProject section */

/* Begin PBXResourcesBuildPhase section */
		22326A0614FA98BB003055A2 /* Resources */ = {
			isa = PBXResourcesBuildPhase;
			buildActionMask = 2147483647;
			files = (
				22326A5914FAA377003055A2 /* InfoPlist.strings in Resources */,
				221662BA14FB8F7B009B975D /* InfoPlist.strings in Resources */,
				225E906514FCFFF000FA3847 /* HierarchicalExample.testsuite in Resources */,
				22AB8C3A14FD31AB00D95D79 /* Included.testsuite in Resources */,
			);
			runOnlyForDeploymentPostprocessing = 0;
		};
		22BEA17615DA521F0036A04F /* Resources */ = {
			isa = PBXResourcesBuildPhase;
			buildActionMask = 2147483647;
			files = (
				22BEA18415DA52200036A04F /* InfoPlist.strings in Resources */,
				227249ED15E2FC8600CE6E79 /* DetailViewController_iPad.xib in Resources */,
				227249EE15E2FC8600CE6E79 /* DetailViewController_iPhone.xib in Resources */,
				227249EF15E2FC8600CE6E79 /* MasterViewController_iPad.xib in Resources */,
				227249F015E2FC8600CE6E79 /* MasterViewController_iPhone.xib in Resources */,
			);
			runOnlyForDeploymentPostprocessing = 0;
		};
		22BEA19915DA52200036A04F /* Resources */ = {
			isa = PBXResourcesBuildPhase;
			buildActionMask = 2147483647;
			files = (
				22BEA1B515DA52600036A04F /* HierarchicalExample.testsuite in Resources */,
				22BEA1B615DA52650036A04F /* Included.testsuite in Resources */,
			);
			runOnlyForDeploymentPostprocessing = 0;
		};
		22BEA1D615DA56820036A04F /* Resources */ = {
			isa = PBXResourcesBuildPhase;
			buildActionMask = 2147483647;
			files = (
				22BEA1E015DA56820036A04F /* InfoPlist.strings in Resources */,
				22BEA1E615DA56820036A04F /* Credits.rtf in Resources */,
				22BEA1EC15DA56820036A04F /* MainMenu.xib in Resources */,
			);
			runOnlyForDeploymentPostprocessing = 0;
		};
/* End PBXResourcesBuildPhase section */

/* Begin PBXShellScriptBuildPhase section */
		22326A0714FA98BB003055A2 /* ShellScript */ = {
			isa = PBXShellScriptBuildPhase;
			buildActionMask = 2147483647;
			files = (
			);
			inputPaths = (
			);
			outputPaths = (
			);
			runOnlyForDeploymentPostprocessing = 0;
			shellPath = /bin/sh;
			shellScript = "# Run the unit tests in this test bundle.\n\"${SYSTEM_DEVELOPER_DIR}/Tools/RunUnitTests\"\n";
			showEnvVarsInLog = 0;
		};
		22BEA19A15DA52200036A04F /* ShellScript */ = {
			isa = PBXShellScriptBuildPhase;
			buildActionMask = 2147483647;
			files = (
			);
			inputPaths = (
			);
			outputPaths = (
			);
			runOnlyForDeploymentPostprocessing = 0;
			shellPath = /bin/sh;
			shellScript = "# Run the unit tests in this test bundle.\n\"${SYSTEM_DEVELOPER_DIR}/Tools/RunUnitTests\"\n";
			showEnvVarsInLog = 0;
		};
/* End PBXShellScriptBuildPhase section */

/* Begin PBXSourcesBuildPhase section */
		22326A0414FA98BB003055A2 /* Sources */ = {
			isa = PBXSourcesBuildPhase;
			buildActionMask = 2147483647;
			files = (
				227A47AB15DA5BF900281601 /* HierarchicalExample.m in Sources */,
				227A47AD15DA5BF900281601 /* ParameterisedTestsExample.m in Sources */,
				227A47AF15DA5BF900281601 /* RunLoopExample.m in Sources */,
			);
			runOnlyForDeploymentPostprocessing = 0;
		};
		22BEA17415DA521F0036A04F /* Sources */ = {
			isa = PBXSourcesBuildPhase;
			buildActionMask = 2147483647;
			files = (
				22BEA18615DA52200036A04F /* main.m in Sources */,
				22BEA18A15DA52200036A04F /* AppDelegate.m in Sources */,
				22BEA19315DA52200036A04F /* MasterViewController.m in Sources */,
				22BEA19615DA52200036A04F /* DetailViewController.m in Sources */,
			);
			runOnlyForDeploymentPostprocessing = 0;
		};
		22BEA19715DA52200036A04F /* Sources */ = {
			isa = PBXSourcesBuildPhase;
			buildActionMask = 2147483647;
			files = (
				227A47AC15DA5BF900281601 /* HierarchicalExample.m in Sources */,
				227A47AE15DA5BF900281601 /* ParameterisedTestsExample.m in Sources */,
				227A47B015DA5BF900281601 /* RunLoopExample.m in Sources */,
			);
			runOnlyForDeploymentPostprocessing = 0;
		};
		22BEA1D415DA56820036A04F /* Sources */ = {
			isa = PBXSourcesBuildPhase;
			buildActionMask = 2147483647;
			files = (
				22BEA1E215DA56820036A04F /* main.m in Sources */,
				22BEA1E915DA56820036A04F /* AppDelegate.m in Sources */,
			);
			runOnlyForDeploymentPostprocessing = 0;
		};
/* End PBXSourcesBuildPhase section */

/* Begin PBXVariantGroup section */
		221662B814FB8F7B009B975D /* InfoPlist.strings */ = {
			isa = PBXVariantGroup;
			children = (
				221662B914FB8F7B009B975D /* en */,
			);
			name = InfoPlist.strings;
			sourceTree = "<group>";
		};
		22326A5714FAA377003055A2 /* InfoPlist.strings */ = {
			isa = PBXVariantGroup;
			children = (
			);
			name = InfoPlist.strings;
			path = "/Volumes/data/Work/projects/com/elegantchaos/libraries/objective c/ECUnitTests/Example";
			sourceTree = "<absolute>";
		};
		227249E515E2FC8600CE6E79 /* DetailViewController_iPad.xib */ = {
			isa = PBXVariantGroup;
			children = (
				227249E615E2FC8600CE6E79 /* en */,
			);
			name = DetailViewController_iPad.xib;
			sourceTree = "<group>";
		};
		227249E715E2FC8600CE6E79 /* DetailViewController_iPhone.xib */ = {
			isa = PBXVariantGroup;
			children = (
				227249E815E2FC8600CE6E79 /* en */,
			);
			name = DetailViewController_iPhone.xib;
			sourceTree = "<group>";
		};
		227249E915E2FC8600CE6E79 /* MasterViewController_iPad.xib */ = {
			isa = PBXVariantGroup;
			children = (
				227249EA15E2FC8600CE6E79 /* en */,
			);
			name = MasterViewController_iPad.xib;
			sourceTree = "<group>";
		};
		227249EB15E2FC8600CE6E79 /* MasterViewController_iPhone.xib */ = {
			isa = PBXVariantGroup;
			children = (
				227249EC15E2FC8600CE6E79 /* en */,
			);
			name = MasterViewController_iPhone.xib;
			sourceTree = "<group>";
		};
		22BEA18215DA52200036A04F /* InfoPlist.strings */ = {
			isa = PBXVariantGroup;
			children = (
				22BEA18315DA52200036A04F /* en */,
			);
			name = InfoPlist.strings;
			sourceTree = "<group>";
		};
		22BEA1DE15DA56820036A04F /* InfoPlist.strings */ = {
			isa = PBXVariantGroup;
			children = (
				22BEA1DF15DA56820036A04F /* en */,
			);
			name = InfoPlist.strings;
			sourceTree = "<group>";
		};
		22BEA1E415DA56820036A04F /* Credits.rtf */ = {
			isa = PBXVariantGroup;
			children = (
				22BEA1E515DA56820036A04F /* en */,
			);
			name = Credits.rtf;
			sourceTree = "<group>";
		};
		22BEA1EA15DA56820036A04F /* MainMenu.xib */ = {
			isa = PBXVariantGroup;
			children = (
				22BEA1EB15DA56820036A04F /* en */,
			);
			name = MainMenu.xib;
			sourceTree = "<group>";
		};
/* End PBXVariantGroup section */

/* Begin XCBuildConfiguration section */
		22326A1914FA98BC003055A2 /* Debug */ = {
			isa = XCBuildConfiguration;
			buildSettings = {
			};
			name = Debug;
		};
		22326A1A14FA98BC003055A2 /* Release */ = {
			isa = XCBuildConfiguration;
			buildSettings = {
			};
			name = Release;
		};
		22326A1F14FA98BC003055A2 /* Debug */ = {
			isa = XCBuildConfiguration;
			baseConfigurationReference = 226153A615DAD4FF006783C3 /* MacUnitTestDebug.xcconfig */;
			buildSettings = {
				ARCHS = "$(ARCHS_STANDARD_64_BIT)";
				COMBINE_HIDPI_IMAGES = YES;
				INFOPLIST_FILE = Tests/Info.plist;
				OTHER_LDFLAGS = (
					"-ObjC",
					"-all_load",
				);
			};
			name = Debug;
		};
		22326A2014FA98BC003055A2 /* Release */ = {
			isa = XCBuildConfiguration;
			baseConfigurationReference = 226153A715DAD4FF006783C3 /* MacUnitTestRelease.xcconfig */;
			buildSettings = {
				ARCHS = "$(ARCHS_STANDARD_64_BIT)";
				COMBINE_HIDPI_IMAGES = YES;
				INFOPLIST_FILE = Tests/Info.plist;
				OTHER_LDFLAGS = (
					"-ObjC",
					"-all_load",
				);
			};
			name = Release;
		};
		22BEA1AB15DA52200036A04F /* Debug */ = {
			isa = XCBuildConfiguration;
			baseConfigurationReference = 22BC8E4D15DAC75700132883 /* IOSDebug.xcconfig */;
			buildSettings = {
				"CODE_SIGN_IDENTITY[sdk=iphoneos*]" = "iPhone Developer";
				INFOPLIST_FILE = "iOS Example/iOS Example-Info.plist";
				OTHER_LDFLAGS = (
					"-ObjC",
					"-all_load",
				);
				TARGETED_DEVICE_FAMILY = "1,2";
			};
			name = Debug;
		};
		22BEA1AC15DA52200036A04F /* Release */ = {
			isa = XCBuildConfiguration;
			baseConfigurationReference = 22BC8E4E15DAC75700132883 /* IOSRelease.xcconfig */;
			buildSettings = {
				"CODE_SIGN_IDENTITY[sdk=iphoneos*]" = "iPhone Developer";
				INFOPLIST_FILE = "iOS Example/iOS Example-Info.plist";
				OTHER_LDFLAGS = (
					"-ObjC",
					"-all_load",
				);
				TARGETED_DEVICE_FAMILY = "1,2";
			};
			name = Release;
		};
		22BEA1AD15DA52200036A04F /* Debug */ = {
			isa = XCBuildConfiguration;
			baseConfigurationReference = 226153A415DAD4FF006783C3 /* IOSUnitTestDebug.xcconfig */;
			buildSettings = {
				FRAMEWORK_SEARCH_PATHS = (
					"$(inherited)",
					"\"$(SDKROOT)/Developer/Library/Frameworks\"",
				);
				INFOPLIST_FILE = Tests/Info.plist;
				IPHONEOS_DEPLOYMENT_TARGET = 5.1;
				PRODUCT_NAME = "$(TARGET_NAME)";
				SDKROOT = iphoneos;
				WRAPPER_EXTENSION = octest;
			};
			name = Debug;
		};
		22BEA1AE15DA52200036A04F /* Release */ = {
			isa = XCBuildConfiguration;
			baseConfigurationReference = 226153A515DAD4FF006783C3 /* IOSUnitTestRelease.xcconfig */;
			buildSettings = {
				FRAMEWORK_SEARCH_PATHS = (
					"$(inherited)",
					"\"$(SDKROOT)/Developer/Library/Frameworks\"",
				);
				INFOPLIST_FILE = Tests/Info.plist;
				IPHONEOS_DEPLOYMENT_TARGET = 5.1;
				PRODUCT_NAME = "$(TARGET_NAME)";
				SDKROOT = iphoneos;
				VALIDATE_PRODUCT = YES;
				WRAPPER_EXTENSION = octest;
			};
			name = Release;
		};
		22BEA1EE15DA56820036A04F /* Debug */ = {
			isa = XCBuildConfiguration;
			baseConfigurationReference = 22BC8E4F15DAC75700132883 /* MacDebug.xcconfig */;
			buildSettings = {
				ARCHS = "$(ARCHS_STANDARD_64_BIT)";
				COMBINE_HIDPI_IMAGES = YES;
				INFOPLIST_FILE = "Mac Example/Mac Example-Info.plist";
				SDKROOT = macosx;
			};
			name = Debug;
		};
		22BEA1EF15DA56820036A04F /* Release */ = {
			isa = XCBuildConfiguration;
			baseConfigurationReference = 22BC8E5015DAC75700132883 /* MacRelease.xcconfig */;
			buildSettings = {
				ARCHS = "$(ARCHS_STANDARD_64_BIT)";
				COMBINE_HIDPI_IMAGES = YES;
				INFOPLIST_FILE = "Mac Example/Mac Example-Info.plist";
				SDKROOT = macosx;
			};
			name = Release;
		};
/* End XCBuildConfiguration section */

/* Begin XCConfigurationList section */
		223269EF14FA98BB003055A2 /* Build configuration list for PBXProject "ECUnitTestsExample" */ = {
			isa = XCConfigurationList;
			buildConfigurations = (
				22326A1914FA98BC003055A2 /* Debug */,
				22326A1A14FA98BC003055A2 /* Release */,
			);
			defaultConfigurationIsVisible = 0;
			defaultConfigurationName = Debug;
		};
		22326A1E14FA98BC003055A2 /* Build configuration list for PBXNativeTarget "Mac Tests" */ = {
			isa = XCConfigurationList;
			buildConfigurations = (
				22326A1F14FA98BC003055A2 /* Debug */,
				22326A2014FA98BC003055A2 /* Release */,
			);
			defaultConfigurationIsVisible = 0;
			defaultConfigurationName = Debug;
		};
		22BEA1AF15DA52200036A04F /* Build configuration list for PBXNativeTarget "iOS Example" */ = {
			isa = XCConfigurationList;
			buildConfigurations = (
				22BEA1AB15DA52200036A04F /* Debug */,
				22BEA1AC15DA52200036A04F /* Release */,
			);
			defaultConfigurationIsVisible = 0;
			defaultConfigurationName = Debug;
		};
		22BEA1B015DA52200036A04F /* Build configuration list for PBXNativeTarget "iOS Tests" */ = {
			isa = XCConfigurationList;
			buildConfigurations = (
				22BEA1AD15DA52200036A04F /* Debug */,
				22BEA1AE15DA52200036A04F /* Release */,
			);
			defaultConfigurationIsVisible = 0;
			defaultConfigurationName = Debug;
		};
		22BEA1ED15DA56820036A04F /* Build configuration list for PBXNativeTarget "Mac Example" */ = {
			isa = XCConfigurationList;
			buildConfigurations = (
				22BEA1EE15DA56820036A04F /* Debug */,
				22BEA1EF15DA56820036A04F /* Release */,
			);
			defaultConfigurationIsVisible = 0;
			defaultConfigurationName = Debug;
		};
/* End XCConfigurationList section */
	};
	rootObject = 223269EC14FA98BB003055A2 /* Project object */;
}
